
Microsoft Visual Studio Solution File, Format Version 12.00
# Visual Studio Version 17
VisualStudioVersion = 17.8.34511.84
MinimumVisualStudioVersion = 10.0.40219.1
Project("{FAE04EC0-301F-11D3-BF4B-00C04F79EFBC}") = "Lab1", "Lab1.csproj", "{FCFD167F-0EB0-457F-8798-27CEAF68A08F}"
EndProject
Global
	GlobalSection(SolutionConfigurationPlatforms) = preSolution
		Debug|Any CPU = Debug|Any CPU
		Release|Any CPU = Release|Any CPU
	EndGlobalSection
	GlobalSection(ProjectConfigurationPlatforms) = postSolution
		{FCFD167F-0EB0-457F-8798-27CEAF68A08F}.Debug|Any CPU.ActiveCfg = Debug|Any CPU
		{FCFD167F-0EB0-457F-8798-27CEAF68A08F}.Debug|Any CPU.Build.0 = Debug|Any CPU
		{FCFD167F-0EB0-457F-8798-27CEAF68A08F}.Release|Any CPU.ActiveCfg = Release|Any CPU
		{FCFD167F-0EB0-457F-8798-27CEAF68A08F}.Release|Any CPU.Build.0 = Release|Any CPU
	EndGlobalSection
	GlobalSection(SolutionProperties) = preSolution
		HideSolutionNode = FALSE
	EndGlobalSection
	GlobalSection(ExtensibilityGlobals) = postSolution
		SolutionGuid = {0A5AFEB1-B6EB-4645-82A1-DA185D607566}
	EndGlobalSection
EndGlobal
